
Microsoft Visual Studio Solution File, Format Version 12.00
# Visual Studio 15
Project("{FAE04EC0-301F-11D3-BF4B-00C04F79EFBC}") = "ZombieLottoV2", "ZombieLottoV2\ZombieLottoV2.csproj", "{943C5C77-99DD-42D8-99C7-1B6826F47C9E}"
EndProject
Global
	GlobalSection(SolutionConfigurationPlatforms) = preSolution
		Debug|anycpu = Debug|anycpu
		Release|anycpu = Release|anycpu
	EndGlobalSection
	GlobalSection(ProjectConfigurationPlatforms) = postSolution
		{943C5C77-99DD-42D8-99C7-1B6826F47C9E}.Debug|anycpu.ActiveCfg = Debug|Any CPU
		{943C5C77-99DD-42D8-99C7-1B6826F47C9E}.Debug|anycpu.Build.0 = Debug|Any CPU
		{943C5C77-99DD-42D8-99C7-1B6826F47C9E}.Release|anycpu.ActiveCfg = Release|Any CPU
		{943C5C77-99DD-42D8-99C7-1B6826F47C9E}.Release|anycpu.Build.0 = Release|Any CPU
	EndGlobalSection
EndGlobal
